// !$*UTF8*$!
{
	archiveVersion = 1;
	classes = {
	};
	objectVersion = 46;
	objects = {

/* Begin PBXBuildFile section */
		FD83D2B31AA9AA7100526FE7 /* AppDelegate.swift in Sources */ = {isa = PBXBuildFile; fileRef = FD83D2B21AA9AA7100526FE7 /* AppDelegate.swift */; };
		FD83D2B51AA9AA7100526FE7 /* ViewController.swift in Sources */ = {isa = PBXBuildFile; fileRef = FD83D2B41AA9AA7100526FE7 /* ViewController.swift */; };
		FD83D2B81AA9AA7100526FE7 /* Main.storyboard in Resources */ = {isa = PBXBuildFile; fileRef = FD83D2B61AA9AA7100526FE7 /* Main.storyboard */; };
		FD83D2BA1AA9AA7100526FE7 /* Images.xcassets in Resources */ = {isa = PBXBuildFile; fileRef = FD83D2B91AA9AA7100526FE7 /* Images.xcassets */; };
		FD83D2BD1AA9AA7100526FE7 /* LaunchScreen.xib in Resources */ = {isa = PBXBuildFile; fileRef = FD83D2BB1AA9AA7100526FE7 /* LaunchScreen.xib */; };
		FD83D2C91AA9AA7100526FE7 /* newAppTests.swift in Sources */ = {isa = PBXBuildFile; fileRef = FD83D2C81AA9AA7100526FE7 /* newAppTests.swift */; };
		FD83D2D31AA9ACC800526FE7 /* 01.png in Resources */ = {isa = PBXBuildFile; fileRef = FD83D2D21AA9ACC800526FE7 /* 01.png */; };
		FD83D2D51AA9AE5500526FE7 /* ColorTwoViewController.swift in Sources */ = {isa = PBXBuildFile; fileRef = FD83D2D41AA9AE5500526FE7 /* ColorTwoViewController.swift */; };
/* End PBXBuildFile section */

/* Begin PBXContainerItemProxy section */
		FD83D2C31AA9AA7100526FE7 /* PBXContainerItemProxy */ = {
			isa = PBXContainerItemProxy;
			containerPortal = FD83D2A51AA9AA7100526FE7 /* Project object */;
			proxyType = 1;
			remoteGlobalIDString = FD83D2AC1AA9AA7100526FE7;
			remoteInfo = newApp;
		};
/* End PBXContainerItemProxy section */

/* Begin PBXFileReference section */
		FD83D2AD1AA9AA7100526FE7 /* newApp.app */ = {isa = PBXFileReference; explicitFileType = wrapper.application; includeInIndex = 0; path = newApp.app; sourceTree = BUILT_PRODUCTS_DIR; };
		FD83D2B11AA9AA7100526FE7 /* Info.plist */ = {isa = PBXFileReference; lastKnownFileType = text.plist.xml; path = Info.plist; sourceTree = "<group>"; };
		FD83D2B21AA9AA7100526FE7 /* AppDelegate.swift */ = {isa = PBXFileReference; lastKnownFileType = sourcecode.swift; path = AppDelegate.swift; sourceTree = "<group>"; };
		FD83D2B41AA9AA7100526FE7 /* ViewController.swift */ = {isa = PBXFileReference; lastKnownFileType = sourcecode.swift; path = ViewController.swift; sourceTree = "<group>"; };
		FD83D2B71AA9AA7100526FE7 /* Base */ = {isa = PBXFileReference; lastKnownFileType = file.storyboard; name = Base; path = Base.lproj/Main.storyboard; sourceTree = "<group>"; };
		FD83D2B91AA9AA7100526FE7 /* Images.xcassets */ = {isa = PBXFileReference; lastKnownFileType = folder.assetcatalog; path = Images.xcassets; sourceTree = "<group>"; };
		FD83D2BC1AA9AA7100526FE7 /* Base */ = {isa = PBXFileReference; lastKnownFileType = file.xib; name = Base; path = Base.lproj/LaunchScreen.xib; sourceTree = "<group>"; };
		FD83D2C21AA9AA7100526FE7 /* newAppTests.xctest */ = {isa = PBXFileReference; explicitFileType = wrapper.cfbundle; includeInIndex = 0; path = newAppTests.xctest; sourceTree = BUILT_PRODUCTS_DIR; };
		FD83D2C71AA9AA7100526FE7 /* Info.plist */ = {isa = PBXFileReference; lastKnownFileType = text.plist.xml; path = Info.plist; sourceTree = "<group>"; };
		FD83D2C81AA9AA7100526FE7 /* newAppTests.swift */ = {isa = PBXFileReference; lastKnownFileType = sourcecode.swift; path = newAppTests.swift; sourceTree = "<group>"; };
		FD83D2D21AA9ACC800526FE7 /* 01.png */ = {isa = PBXFileReference; lastKnownFileType = image.png; path = 01.png; sourceTree = "<group>"; };
		FD83D2D41AA9AE5500526FE7 /* ColorTwoViewController.swift */ = {isa = PBXFileReference; fileEncoding = 4; lastKnownFileType = sourcecode.swift; path = ColorTwoViewController.swift; sourceTree = "<group>"; };
/* End PBXFileReference section */

/* Begin PBXFrameworksBuildPhase section */
		FD83D2AA1AA9AA7100526FE7 /* Frameworks */ = {
			isa = PBXFrameworksBuildPhase;
			buildActionMask = 2147483647;
			files = (
			);
			runOnlyForDeploymentPostprocessing = 0;
		};
		FD83D2BF1AA9AA7100526FE7 /* Frameworks */ = {
			isa = PBXFrameworksBuildPhase;
			buildActionMask = 2147483647;
			files = (
			);
			runOnlyForDeploymentPostprocessing = 0;
		};
/* End PBXFrameworksBuildPhase section */

/* Begin PBXGroup section */
		FD83D2A41AA9AA7100526FE7 = {
			isa = PBXGroup;
			children = (
				FD83D2AF1AA9AA7100526FE7 /* newApp */,
				FD83D2C51AA9AA7100526FE7 /* newAppTests */,
				FD83D2AE1AA9AA7100526FE7 /* Products */,
			);
			sourceTree = "<group>";
		};
		FD83D2AE1AA9AA7100526FE7 /* Products */ = {
			isa = PBXGroup;
			children = (
				FD83D2AD1AA9AA7100526FE7 /* newApp.app */,
				FD83D2C21AA9AA7100526FE7 /* newAppTests.xctest */,
			);
			name = Products;
			sourceTree = "<group>";
		};
		FD83D2AF1AA9AA7100526FE7 /* newApp */ = {
			isa = PBXGroup;
			children = (
				FD83D2B21AA9AA7100526FE7 /* AppDelegate.swift */,
				FD83D2B41AA9AA7100526FE7 /* ViewController.swift */,
				FD83D2B61AA9AA7100526FE7 /* Main.storyboard */,
				FD83D2D41AA9AE5500526FE7 /* ColorTwoViewController.swift */,
				FD83D2B91AA9AA7100526FE7 /* Images.xcassets */,
				FD83D2D21AA9ACC800526FE7 /* 01.png */,
				FD83D2BB1AA9AA7100526FE7 /* LaunchScreen.xib */,
				FD83D2B01AA9AA7100526FE7 /* Supporting Files */,
			);
			path = newApp;
			sourceTree = "<group>";
		};
		FD83D2B01AA9AA7100526FE7 /* Supporting Files */ = {
			isa = PBXGroup;
			children = (
				FD83D2B11AA9AA7100526FE7 /* Info.plist */,
			);
			name = "Supporting Files";
			sourceTree = "<group>";
		};
		FD83D2C51AA9AA7100526FE7 /* newAppTests */ = {
			isa = PBXGroup;
			children = (
				FD83D2C81AA9AA7100526FE7 /* newAppTests.swift */,
				FD83D2C61AA9AA7100526FE7 /* Supporting Files */,
			);
			path = newAppTests;
			sourceTree = "<group>";
		};
		FD83D2C61AA9AA7100526FE7 /* Supporting Files */ = {
			isa = PBXGroup;
			children = (
				FD83D2C71AA9AA7100526FE7 /* Info.plist */,
			);
			name = "Supporting Files";
			sourceTree = "<group>";
		};
/* End PBXGroup section */

/* Begin PBXNativeTarget section */
		FD83D2AC1AA9AA7100526FE7 /* newApp */ = {
			isa = PBXNativeTarget;
			buildConfigurationList = FD83D2CC1AA9AA7100526FE7 /* Build configuration list for PBXNativeTarget "newApp" */;
			buildPhases = (
				FD83D2A91AA9AA7100526FE7 /* Sources */,
				FD83D2AA1AA9AA7100526FE7 /* Frameworks */,
				FD83D2AB1AA9AA7100526FE7 /* Resources */,
			);
			buildRules = (
			);
			dependencies = (
			);
			name = newApp;
			productName = newApp;
			productReference = FD83D2AD1AA9AA7100526FE7 /* newApp.app */;
			productType = "com.apple.product-type.application";
		};
		FD83D2C11AA9AA7100526FE7 /* newAppTests */ = {
			isa = PBXNativeTarget;
			buildConfigurationList = FD83D2CF1AA9AA7100526FE7 /* Build configuration list for PBXNativeTarget "newAppTests" */;
			buildPhases = (
				FD83D2BE1AA9AA7100526FE7 /* Sources */,
				FD83D2BF1AA9AA7100526FE7 /* Frameworks */,
				FD83D2C01AA9AA7100526FE7 /* Resources */,
			);
			buildRules = (
			);
			dependencies = (
				FD83D2C41AA9AA7100526FE7 /* PBXTargetDependency */,
			);
			name = newAppTests;
			productName = newAppTests;
			productReference = FD83D2C21AA9AA7100526FE7 /* newAppTests.xctest */;
			productType = "com.apple.product-type.bundle.unit-test";
		};
/* End PBXNativeTarget section */

/* Begin PBXProject section */
		FD83D2A51AA9AA7100526FE7 /* Project object */ = {
			isa = PBXProject;
			attributes = {
				LastUpgradeCheck = 0600;
				ORGANIZATIONNAME = iStudents;
				TargetAttributes = {
					FD83D2AC1AA9AA7100526FE7 = {
						CreatedOnToolsVersion = 6.0;
					};
					FD83D2C11AA9AA7100526FE7 = {
						CreatedOnToolsVersion = 6.0;
						TestTargetID = FD83D2AC1AA9AA7100526FE7;
					};
				};
			};
			buildConfigurationList = FD83D2A81AA9AA7100526FE7 /* Build configuration list for PBXProject "newApp" */;
			compatibilityVersion = "Xcode 3.2";
			developmentRegion = English;
			hasScannedForEncodings = 0;
			knownRegions = (
				en,
				Base,
			);
			mainGroup = FD83D2A41AA9AA7100526FE7;
			productRefGroup = FD83D2AE1AA9AA7100526FE7 /* Products */;
			projectDirPath = "";
			projectRoot = "";
			targets = (
				FD83D2AC1AA9AA7100526FE7 /* newApp */,
				FD83D2C11AA9AA7100526FE7 /* newAppTests */,
			);
		};
/* End PBXProject section */

/* Begin PBXResourcesBuildPhase section */
		FD83D2AB1AA9AA7100526FE7 /* Resources */ = {
			isa = PBXResourcesBuildPhase;
			buildActionMask = 2147483647;
			files = (
				FD83D2B81AA9AA7100526FE7 /* Main.storyboard in Resources */,
				FD83D2BD1AA9AA7100526FE7 /* LaunchScreen.xib in Resources */,
				FD83D2D31AA9ACC800526FE7 /* 01.png in Resources */,
				FD83D2BA1AA9AA7100526FE7 /* Images.xcassets in Resources */,
			);
			runOnlyForDeploymentPostprocessing = 0;
		};
		FD83D2C01AA9AA7100526FE7 /* Resources */ = {
			isa = PBXResourcesBuildPhase;
			buildActionMask = 2147483647;
			files = (
			);
			runOnlyForDeploymentPostprocessing = 0;
		};
/* End PBXResourcesBuildPhase section */

/* Begin PBXSourcesBuildPhase section */
		FD83D2A91AA9AA7100526FE7 /* Sources */ = {
			isa = PBXSourcesBuildPhase;
			buildActionMask = 2147483647;
			files = (
				FD83D2B51AA9AA7100526FE7 /* ViewController.swift in Sources */,
				FD83D2B31AA9AA7100526FE7 /* AppDelegate.swift in Sources */,
				FD83D2D51AA9AE5500526FE7 /* ColorTwoViewController.swift in Sources */,
			);
			runOnlyForDeploymentPostprocessing = 0;
		};
		FD83D2BE1AA9AA7100526FE7 /* Sources */ = {
			isa = PBXSourcesBuildPhase;
			buildActionMask = 2147483647;
			files = (
				FD83D2C91AA9AA7100526FE7 /* newAppTests.swift in Sources */,
			);
			runOnlyForDeploymentPostprocessing = 0;
		};
/* End PBXSourcesBuildPhase section */

/* Begin PBXTargetDependency section */
		FD83D2C41AA9AA7100526FE7 /* PBXTargetDependency */ = {
			isa = PBXTargetDependency;
			target = FD83D2AC1AA9AA7100526FE7 /* newApp */;
			targetProxy = FD83D2C31AA9AA7100526FE7 /* PBXContainerItemProxy */;
		};
/* End PBXTargetDependency section */

/* Begin PBXVariantGroup section */
		FD83D2B61AA9AA7100526FE7 /* Main.storyboard */ = {
			isa = PBXVariantGroup;
			children = (
				FD83D2B71AA9AA7100526FE7 /* Base */,
			);
			name = Main.storyboard;
			sourceTree = "<group>";
		};
		FD83D2BB1AA9AA7100526FE7 /* LaunchScreen.xib */ = {
			isa = PBXVariantGroup;
			children = (
				FD83D2BC1AA9AA7100526FE7 /* Base */,
			);
			name = LaunchScreen.xib;
			sourceTree = "<group>";
		};
/* End PBXVariantGroup section */

/* Begin XCBuildConfiguration section */
		FD83D2CA1AA9AA7100526FE7 /* Debug */ = {
			isa = XCBuildConfiguration;
			buildSettings = {
				ALWAYS_SEARCH_USER_PATHS = NO;
				CLANG_CXX_LANGUAGE_STANDARD = "gnu++0x";
				CLANG_CXX_LIBRARY = "libc++";
				CLANG_ENABLE_MODULES = YES;
				CLANG_ENABLE_OBJC_ARC = YES;
				CLANG_WARN_BOOL_CONVERSION = YES;
				CLANG_WARN_CONSTANT_CONVERSION = YES;
				CLANG_WARN_DIRECT_OBJC_ISA_USAGE = YES_ERROR;
				CLANG_WARN_EMPTY_BODY = YES;
				CLANG_WARN_ENUM_CONVERSION = YES;
				CLANG_WARN_INT_CONVERSION = YES;
				CLANG_WARN_OBJC_ROOT_CLASS = YES_ERROR;
				CLANG_WARN_UNREACHABLE_CODE = YES;
				CLANG_WARN__DUPLICATE_METHOD_MATCH = YES;
				"CODE_SIGN_IDENTITY[sdk=iphoneos*]" = "iPhone Developer";
				COPY_PHASE_STRIP = NO;
				ENABLE_STRICT_OBJC_MSGSEND = YES;
				GCC_C_LANGUAGE_STANDARD = gnu99;
				GCC_DYNAMIC_NO_PIC = NO;
				GCC_OPTIMIZATION_LEVEL = 0;
				GCC_PREPROCESSOR_DEFINITIONS = (
					"DEBUG=1",
					"$(inherited)",
				);
				GCC_SYMBOLS_PRIVATE_EXTERN = NO;
				GCC_WARN_64_TO_32_BIT_CONVERSION = YES;
				GCC_WARN_ABOUT_RETURN_TYPE = YES_ERROR;
				GCC_WARN_UNDECLARED_SELECTOR = YES;
				GCC_WARN_UNINITIALIZED_AUTOS = YES_AGGRESSIVE;
				GCC_WARN_UNUSED_FUNCTION = YES;
				GCC_WARN_UNUSED_VARIABLE = YES;
				IPHONEOS_DEPLOYMENT_TARGET = 8.0;
				MTL_ENABLE_DEBUG_INFO = YES;
				ONLY_ACTIVE_ARCH = YES;
				SDKROOT = iphoneos;
				SWIFT_OPTIMIZATION_LEVEL = "-Onone";
			};
			name = Debug;
		};
		FD83D2CB1AA9AA7100526FE7 /* Release */ = {
			isa = XCBuildConfiguration;
			buildSettings = {
				ALWAYS_SEARCH_USER_PATHS = NO;
				CLANG_CXX_LANGUAGE_STANDARD = "gnu++0x";
				CLANG_CXX_LIBRARY = "libc++";
				CLANG_ENABLE_MODULES = YES;
				CLANG_ENABLE_OBJC_ARC = YES;
				CLANG_WARN_BOOL_CONVERSION = YES;
				CLANG_WARN_CONSTANT_CONVERSION = YES;
				CLANG_WARN_DIRECT_OBJC_ISA_USAGE = YES_ERROR;
				CLANG_WARN_EMPTY_BODY = YES;
				CLANG_WARN_ENUM_CONVERSION = YES;
				CLANG_WARN_INT_CONVERSION = YES;
				CLANG_WARN_OBJC_ROOT_CLASS = YES_ERROR;
				CLANG_WARN_UNREACHABLE_CODE = YES;
				CLANG_WARN__DUPLICATE_METHOD_MATCH = YES;
				"CODE_SIGN_IDENTITY[sdk=iphoneos*]" = "iPhone Developer";
				COPY_PHASE_STRIP = YES;
				ENABLE_NS_ASSERTIONS = NO;
				ENABLE_STRICT_OBJC_MSGSEND = YES;
				GCC_C_LANGUAGE_STANDARD = gnu99;
				GCC_WARN_64_TO_32_BIT_CONVERSION = YES;
				GCC_WARN_ABOUT_RETURN_TYPE = YES_ERROR;
				GCC_WARN_UNDECLARED_SELECTOR = YES;
				GCC_WARN_UNINITIALIZED_AUTOS = YES_AGGRESSIVE;
				GCC_WARN_UNUSED_FUNCTION = YES;
				GCC_WARN_UNUSED_VARIABLE = YES;
				IPHONEOS_DEPLOYMENT_TARGET = 8.0;
				MTL_ENABLE_DEBUG_INFO = NO;
				SDKROOT = iphoneos;
				VALIDATE_PRODUCT = YES;
			};
			name = Release;
		};
		FD83D2CD1AA9AA7100526FE7 /* Debug */ = {
			isa = XCBuildConfiguration;
			buildSettings = {
				ASSETCATALOG_COMPILER_APPICON_NAME = AppIcon;
				INFOPLIST_FILE = newApp/Info.plist;
				LD_RUNPATH_SEARCH_PATHS = "$(inherited) @executable_path/Frameworks";
				PRODUCT_NAME = "$(TARGET_NAME)";
			};
			name = Debug;
		};
		FD83D2CE1AA9AA7100526FE7 /* Release */ = {
			isa = XCBuildConfiguration;
			buildSettings = {
				ASSETCATALOG_COMPILER_APPICON_NAME = AppIcon;
				INFOPLIST_FILE = newApp/Info.plist;
				LD_RUNPATH_SEARCH_PATHS = "$(inherited) @executable_path/Frameworks";
				PRODUCT_NAME = "$(TARGET_NAME)";
			};
			name = Release;
		};
		FD83D2D01AA9AA7100526FE7 /* Debug */ = {
			isa = XCBuildConfiguration;
			buildSettings = {
				BUNDLE_LOADER = "$(TEST_HOST)";
				FRAMEWORK_SEARCH_PATHS = (
					"$(SDKROOT)/Developer/Library/Frameworks",
					"$(inherited)",
				);
				GCC_PREPROCESSOR_DEFINITIONS = (
					"DEBUG=1",
					"$(inherited)",
				);
				INFOPLIST_FILE = newAppTests/Info.plist;
				LD_RUNPATH_SEARCH_PATHS = "$(inherited) @executable_path/Frameworks @loader_path/Frameworks";
				PRODUCT_NAME = "$(TARGET_NAME)";
				TEST_HOST = "$(BUILT_PRODUCTS_DIR)/newApp.app/newApp";
			};
			name = Debug;
		};
		FD83D2D11AA9AA7100526FE7 /* Release */ = {
			isa = XCBuildConfiguration;
			buildSettings = {
				BUNDLE_LOADER = "$(TEST_HOST)";
				FRAMEWORK_SEARCH_PATHS = (
					"$(SDKROOT)/Developer/Library/Frameworks",
					"$(inherited)",
				);
				INFOPLIST_FILE = newAppTests/Info.plist;
				LD_RUNPATH_SEARCH_PATHS = "$(inherited) @executable_path/Frameworks @loader_path/Frameworks";
				PRODUCT_NAME = "$(TARGET_NAME)";
				TEST_HOST = "$(BUILT_PRODUCTS_DIR)/newApp.app/newApp";
			};
			name = Release;
		};
/* End XCBuildConfiguration section */

/* Begin XCConfigurationList section */
		FD83D2A81AA9AA7100526FE7 /* Build configuration list for PBXProject "newApp" */ = {
			isa = XCConfigurationList;
			buildConfigurations = (
				FD83D2CA1AA9AA7100526FE7 /* Debug */,
				FD83D2CB1AA9AA7100526FE7 /* Release */,
			);
			defaultConfigurationIsVisible = 0;
			defaultConfigurationName = Release;
		};
		FD83D2CC1AA9AA7100526FE7 /* Build configuration list for PBXNativeTarget "newApp" */ = {
			isa = XCConfigurationList;
			buildConfigurations = (
				FD83D2CD1AA9AA7100526FE7 /* Debug */,
				FD83D2CE1AA9AA7100526FE7 /* Release */,
			);
			defaultConfigurationIsVisible = 0;
		};
		FD83D2CF1AA9AA7100526FE7 /* Build configuration list for PBXNativeTarget "newAppTests" */ = {
			isa = XCConfigurationList;
			buildConfigurations = (
				FD83D2D01AA9AA7100526FE7 /* Debug */,
				FD83D2D11AA9AA7100526FE7 /* Release */,
			);
			defaultConfigurationIsVisible = 0;
		};
/* End XCConfigurationList section */
	};
	rootObject = FD83D2A51AA9AA7100526FE7 /* Project object */;
}
